// !$*UTF8*$!
{
	archiveVersion = 1;
	classes = {
	};
	objectVersion = 50;
	objects = {

/* Begin PBXBuildFile section */
		9C67035928CE6FE3007563DC /* AppDelegate.swift in Sources */ = {isa = PBXBuildFile; fileRef = 9C67035828CE6FE3007563DC /* AppDelegate.swift */; };
		9C67035B28CE6FE3007563DC /* SceneDelegate.swift in Sources */ = {isa = PBXBuildFile; fileRef = 9C67035A28CE6FE3007563DC /* SceneDelegate.swift */; };
		9C67035D28CE6FE3007563DC /* ViewController.swift in Sources */ = {isa = PBXBuildFile; fileRef = 9C67035C28CE6FE3007563DC /* ViewController.swift */; };
		9C67036028CE6FE3007563DC /* Main.storyboard in Resources */ = {isa = PBXBuildFile; fileRef = 9C67035E28CE6FE3007563DC /* Main.storyboard */; };
		9C67036228CE6FE8007563DC /* Assets.xcassets in Resources */ = {isa = PBXBuildFile; fileRef = 9C67036128CE6FE8007563DC /* Assets.xcassets */; };
		9C67036528CE6FE8007563DC /* LaunchScreen.storyboard in Resources */ = {isa = PBXBuildFile; fileRef = 9C67036328CE6FE8007563DC /* LaunchScreen.storyboard */; };
		9C67037028CE6FE9007563DC /* ComicAppTests.swift in Sources */ = {isa = PBXBuildFile; fileRef = 9C67036F28CE6FE9007563DC /* ComicAppTests.swift */; };
		9C67037B28CE6FE9007563DC /* ComicAppUITests.swift in Sources */ = {isa = PBXBuildFile; fileRef = 9C67037A28CE6FE9007563DC /* ComicAppUITests.swift */; };
		9C67038C28CE7063007563DC /* ComicModel.swift in Sources */ = {isa = PBXBuildFile; fileRef = 9C67038B28CE7063007563DC /* ComicModel.swift */; };
		9C67038E28CE7138007563DC /* ComicViewModel.swift in Sources */ = {isa = PBXBuildFile; fileRef = 9C67038D28CE7138007563DC /* ComicViewModel.swift */; };
		9C67039128CE723E007563DC /* Extension.swift in Sources */ = {isa = PBXBuildFile; fileRef = 9C67039028CE723E007563DC /* Extension.swift */; };
/* End PBXBuildFile section */

/* Begin PBXContainerItemProxy section */
		9C67036C28CE6FE9007563DC /* PBXContainerItemProxy */ = {
			isa = PBXContainerItemProxy;
			containerPortal = 9C67034D28CE6FE3007563DC /* Project object */;
			proxyType = 1;
			remoteGlobalIDString = 9C67035428CE6FE3007563DC;
			remoteInfo = ComicApp;
		};
		9C67037728CE6FE9007563DC /* PBXContainerItemProxy */ = {
			isa = PBXContainerItemProxy;
			containerPortal = 9C67034D28CE6FE3007563DC /* Project object */;
			proxyType = 1;
			remoteGlobalIDString = 9C67035428CE6FE3007563DC;
			remoteInfo = ComicApp;
		};
/* End PBXContainerItemProxy section */

/* Begin PBXFileReference section */
		9C67035528CE6FE3007563DC /* ComicApp.app */ = {isa = PBXFileReference; explicitFileType = wrapper.application; includeInIndex = 0; path = ComicApp.app; sourceTree = BUILT_PRODUCTS_DIR; };
		9C67035828CE6FE3007563DC /* AppDelegate.swift */ = {isa = PBXFileReference; lastKnownFileType = sourcecode.swift; path = AppDelegate.swift; sourceTree = "<group>"; };
		9C67035A28CE6FE3007563DC /* SceneDelegate.swift */ = {isa = PBXFileReference; lastKnownFileType = sourcecode.swift; path = SceneDelegate.swift; sourceTree = "<group>"; };
		9C67035C28CE6FE3007563DC /* ViewController.swift */ = {isa = PBXFileReference; lastKnownFileType = sourcecode.swift; path = ViewController.swift; sourceTree = "<group>"; };
		9C67035F28CE6FE3007563DC /* Base */ = {isa = PBXFileReference; lastKnownFileType = file.storyboard; name = Base; path = Base.lproj/Main.storyboard; sourceTree = "<group>"; };
		9C67036128CE6FE8007563DC /* Assets.xcassets */ = {isa = PBXFileReference; lastKnownFileType = folder.assetcatalog; path = Assets.xcassets; sourceTree = "<group>"; };
		9C67036428CE6FE8007563DC /* Base */ = {isa = PBXFileReference; lastKnownFileType = file.storyboard; name = Base; path = Base.lproj/LaunchScreen.storyboard; sourceTree = "<group>"; };
		9C67036628CE6FE8007563DC /* Info.plist */ = {isa = PBXFileReference; lastKnownFileType = text.plist.xml; path = Info.plist; sourceTree = "<group>"; };
		9C67036B28CE6FE9007563DC /* ComicAppTests.xctest */ = {isa = PBXFileReference; explicitFileType = wrapper.cfbundle; includeInIndex = 0; path = ComicAppTests.xctest; sourceTree = BUILT_PRODUCTS_DIR; };
		9C67036F28CE6FE9007563DC /* ComicAppTests.swift */ = {isa = PBXFileReference; lastKnownFileType = sourcecode.swift; path = ComicAppTests.swift; sourceTree = "<group>"; };
		9C67037128CE6FE9007563DC /* Info.plist */ = {isa = PBXFileReference; lastKnownFileType = text.plist.xml; path = Info.plist; sourceTree = "<group>"; };
		9C67037628CE6FE9007563DC /* ComicAppUITests.xctest */ = {isa = PBXFileReference; explicitFileType = wrapper.cfbundle; includeInIndex = 0; path = ComicAppUITests.xctest; sourceTree = BUILT_PRODUCTS_DIR; };
		9C67037A28CE6FE9007563DC /* ComicAppUITests.swift */ = {isa = PBXFileReference; lastKnownFileType = sourcecode.swift; path = ComicAppUITests.swift; sourceTree = "<group>"; };
		9C67037C28CE6FE9007563DC /* Info.plist */ = {isa = PBXFileReference; lastKnownFileType = text.plist.xml; path = Info.plist; sourceTree = "<group>"; };
		9C67038B28CE7063007563DC /* ComicModel.swift */ = {isa = PBXFileReference; lastKnownFileType = sourcecode.swift; path = ComicModel.swift; sourceTree = "<group>"; };
		9C67038D28CE7138007563DC /* ComicViewModel.swift */ = {isa = PBXFileReference; lastKnownFileType = sourcecode.swift; path = ComicViewModel.swift; sourceTree = "<group>"; };
		9C67039028CE723E007563DC /* Extension.swift */ = {isa = PBXFileReference; lastKnownFileType = sourcecode.swift; path = Extension.swift; sourceTree = "<group>"; };
		9C67039228CE9BFF007563DC /* README.md */ = {isa = PBXFileReference; lastKnownFileType = net.daringfireball.markdown; path = README.md; sourceTree = "<group>"; };
/* End PBXFileReference section */

/* Begin PBXFrameworksBuildPhase section */
		9C67035228CE6FE3007563DC /* Frameworks */ = {
			isa = PBXFrameworksBuildPhase;
			buildActionMask = 2147483647;
			files = (
			);
			runOnlyForDeploymentPostprocessing = 0;
		};
		9C67036828CE6FE9007563DC /* Frameworks */ = {
			isa = PBXFrameworksBuildPhase;
			buildActionMask = 2147483647;
			files = (
			);
			runOnlyForDeploymentPostprocessing = 0;
		};
		9C67037328CE6FE9007563DC /* Frameworks */ = {
			isa = PBXFrameworksBuildPhase;
			buildActionMask = 2147483647;
			files = (
			);
			runOnlyForDeploymentPostprocessing = 0;
		};
/* End PBXFrameworksBuildPhase section */

/* Begin PBXGroup section */
		9C67034C28CE6FE3007563DC = {
			isa = PBXGroup;
			children = (
				9C67039228CE9BFF007563DC /* README.md */,
				9C67035728CE6FE3007563DC /* ComicApp */,
				9C67036E28CE6FE9007563DC /* ComicAppTests */,
				9C67037928CE6FE9007563DC /* ComicAppUITests */,
				9C67035628CE6FE3007563DC /* Products */,
			);
			sourceTree = "<group>";
		};
		9C67035628CE6FE3007563DC /* Products */ = {
			isa = PBXGroup;
			children = (
				9C67035528CE6FE3007563DC /* ComicApp.app */,
				9C67036B28CE6FE9007563DC /* ComicAppTests.xctest */,
				9C67037628CE6FE9007563DC /* ComicAppUITests.xctest */,
			);
			name = Products;
			sourceTree = "<group>";
		};
		9C67035728CE6FE3007563DC /* ComicApp */ = {
			isa = PBXGroup;
			children = (
				9C67038F28CE7223007563DC /* Extension */,
				9C67038928CE7003007563DC /* Model */,
				9C67038828CE6FFB007563DC /* View */,
				9C67038A28CE701D007563DC /* ViewModel */,
				9C67035828CE6FE3007563DC /* AppDelegate.swift */,
				9C67035A28CE6FE3007563DC /* SceneDelegate.swift */,
				9C67035E28CE6FE3007563DC /* Main.storyboard */,
				9C67036128CE6FE8007563DC /* Assets.xcassets */,
				9C67036328CE6FE8007563DC /* LaunchScreen.storyboard */,
				9C67036628CE6FE8007563DC /* Info.plist */,
			);
			path = ComicApp;
			sourceTree = "<group>";
		};
		9C67036E28CE6FE9007563DC /* ComicAppTests */ = {
			isa = PBXGroup;
			children = (
				9C67036F28CE6FE9007563DC /* ComicAppTests.swift */,
				9C67037128CE6FE9007563DC /* Info.plist */,
			);
			path = ComicAppTests;
			sourceTree = "<group>";
		};
		9C67037928CE6FE9007563DC /* ComicAppUITests */ = {
			isa = PBXGroup;
			children = (
				9C67037A28CE6FE9007563DC /* ComicAppUITests.swift */,
				9C67037C28CE6FE9007563DC /* Info.plist */,
			);
			path = ComicAppUITests;
			sourceTree = "<group>";
		};
		9C67038828CE6FFB007563DC /* View */ = {
			isa = PBXGroup;
			children = (
				9C67035C28CE6FE3007563DC /* ViewController.swift */,
			);
			path = View;
			sourceTree = "<group>";
		};
		9C67038928CE7003007563DC /* Model */ = {
			isa = PBXGroup;
			children = (
				9C67038B28CE7063007563DC /* ComicModel.swift */,
			);
			path = Model;
			sourceTree = "<group>";
		};
		9C67038A28CE701D007563DC /* ViewModel */ = {
			isa = PBXGroup;
			children = (
				9C67038D28CE7138007563DC /* ComicViewModel.swift */,
			);
			path = ViewModel;
			sourceTree = "<group>";
		};
		9C67038F28CE7223007563DC /* Extension */ = {
			isa = PBXGroup;
			children = (
				9C67039028CE723E007563DC /* Extension.swift */,
			);
			path = Extension;
			sourceTree = "<group>";
		};
/* End PBXGroup section */

/* Begin PBXNativeTarget section */
		9C67035428CE6FE3007563DC /* ComicApp */ = {
			isa = PBXNativeTarget;
			buildConfigurationList = 9C67037F28CE6FE9007563DC /* Build configuration list for PBXNativeTarget "ComicApp" */;
			buildPhases = (
				9C67035128CE6FE3007563DC /* Sources */,
				9C67035228CE6FE3007563DC /* Frameworks */,
				9C67035328CE6FE3007563DC /* Resources */,
			);
			buildRules = (
			);
			dependencies = (
			);
			name = ComicApp;
			productName = ComicApp;
			productReference = 9C67035528CE6FE3007563DC /* ComicApp.app */;
			productType = "com.apple.product-type.application";
		};
		9C67036A28CE6FE9007563DC /* ComicAppTests */ = {
			isa = PBXNativeTarget;
			buildConfigurationList = 9C67038228CE6FE9007563DC /* Build configuration list for PBXNativeTarget "ComicAppTests" */;
			buildPhases = (
				9C67036728CE6FE9007563DC /* Sources */,
				9C67036828CE6FE9007563DC /* Frameworks */,
				9C67036928CE6FE9007563DC /* Resources */,
			);
			buildRules = (
			);
			dependencies = (
				9C67036D28CE6FE9007563DC /* PBXTargetDependency */,
			);
			name = ComicAppTests;
			productName = ComicAppTests;
			productReference = 9C67036B28CE6FE9007563DC /* ComicAppTests.xctest */;
			productType = "com.apple.product-type.bundle.unit-test";
		};
		9C67037528CE6FE9007563DC /* ComicAppUITests */ = {
			isa = PBXNativeTarget;
			buildConfigurationList = 9C67038528CE6FE9007563DC /* Build configuration list for PBXNativeTarget "ComicAppUITests" */;
			buildPhases = (
				9C67037228CE6FE9007563DC /* Sources */,
				9C67037328CE6FE9007563DC /* Frameworks */,
				9C67037428CE6FE9007563DC /* Resources */,
			);
			buildRules = (
			);
			dependencies = (
				9C67037828CE6FE9007563DC /* PBXTargetDependency */,
			);
			name = ComicAppUITests;
			productName = ComicAppUITests;
			productReference = 9C67037628CE6FE9007563DC /* ComicAppUITests.xctest */;
			productType = "com.apple.product-type.bundle.ui-testing";
		};
/* End PBXNativeTarget section */

/* Begin PBXProject section */
		9C67034D28CE6FE3007563DC /* Project object */ = {
			isa = PBXProject;
			attributes = {
				LastSwiftUpdateCheck = 1250;
				LastUpgradeCheck = 1250;
				TargetAttributes = {
					9C67035428CE6FE3007563DC = {
						CreatedOnToolsVersion = 12.5;
					};
					9C67036A28CE6FE9007563DC = {
						CreatedOnToolsVersion = 12.5;
						TestTargetID = 9C67035428CE6FE3007563DC;
					};
					9C67037528CE6FE9007563DC = {
						CreatedOnToolsVersion = 12.5;
						TestTargetID = 9C67035428CE6FE3007563DC;
					};
				};
			};
			buildConfigurationList = 9C67035028CE6FE3007563DC /* Build configuration list for PBXProject "ComicApp" */;
			compatibilityVersion = "Xcode 9.3";
			developmentRegion = en;
			hasScannedForEncodings = 0;
			knownRegions = (
				en,
				Base,
			);
			mainGroup = 9C67034C28CE6FE3007563DC;
			productRefGroup = 9C67035628CE6FE3007563DC /* Products */;
			projectDirPath = "";
			projectRoot = "";
			targets = (
				9C67035428CE6FE3007563DC /* ComicApp */,
				9C67036A28CE6FE9007563DC /* ComicAppTests */,
				9C67037528CE6FE9007563DC /* ComicAppUITests */,
			);
		};
/* End PBXProject section */

/* Begin PBXResourcesBuildPhase section */
		9C67035328CE6FE3007563DC /* Resources */ = {
			isa = PBXResourcesBuildPhase;
			buildActionMask = 2147483647;
			files = (
				9C67036528CE6FE8007563DC /* LaunchScreen.storyboard in Resources */,
				9C67036228CE6FE8007563DC /* Assets.xcassets in Resources */,
				9C67036028CE6FE3007563DC /* Main.storyboard in Resources */,
			);
			runOnlyForDeploymentPostprocessing = 0;
		};
		9C67036928CE6FE9007563DC /* Resources */ = {
			isa = PBXResourcesBuildPhase;
			buildActionMask = 2147483647;
			files = (
			);
			runOnlyForDeploymentPostprocessing = 0;
		};
		9C67037428CE6FE9007563DC /* Resources */ = {
			isa = PBXResourcesBuildPhase;
			buildActionMask = 2147483647;
			files = (
			);
			runOnlyForDeploymentPostprocessing = 0;
		};
/* End PBXResourcesBuildPhase section */

/* Begin PBXSourcesBuildPhase section */
		9C67035128CE6FE3007563DC /* Sources */ = {
			isa = PBXSourcesBuildPhase;
			buildActionMask = 2147483647;
			files = (
				9C67035D28CE6FE3007563DC /* ViewController.swift in Sources */,
				9C67038E28CE7138007563DC /* ComicViewModel.swift in Sources */,
				9C67035928CE6FE3007563DC /* AppDelegate.swift in Sources */,
				9C67039128CE723E007563DC /* Extension.swift in Sources */,
				9C67035B28CE6FE3007563DC /* SceneDelegate.swift in Sources */,
				9C67038C28CE7063007563DC /* ComicModel.swift in Sources */,
			);
			runOnlyForDeploymentPostprocessing = 0;
		};
		9C67036728CE6FE9007563DC /* Sources */ = {
			isa = PBXSourcesBuildPhase;
			buildActionMask = 2147483647;
			files = (
				9C67037028CE6FE9007563DC /* ComicAppTests.swift in Sources */,
			);
			runOnlyForDeploymentPostprocessing = 0;
		};
		9C67037228CE6FE9007563DC /* Sources */ = {
			isa = PBXSourcesBuildPhase;
			buildActionMask = 2147483647;
			files = (
				9C67037B28CE6FE9007563DC /* ComicAppUITests.swift in Sources */,
			);
			runOnlyForDeploymentPostprocessing = 0;
		};
/* End PBXSourcesBuildPhase section */

/* Begin PBXTargetDependency section */
		9C67036D28CE6FE9007563DC /* PBXTargetDependency */ = {
			isa = PBXTargetDependency;
			target = 9C67035428CE6FE3007563DC /* ComicApp */;
			targetProxy = 9C67036C28CE6FE9007563DC /* PBXContainerItemProxy */;
		};
		9C67037828CE6FE9007563DC /* PBXTargetDependency */ = {
			isa = PBXTargetDependency;
			target = 9C67035428CE6FE3007563DC /* ComicApp */;
			targetProxy = 9C67037728CE6FE9007563DC /* PBXContainerItemProxy */;
		};
/* End PBXTargetDependency section */

/* Begin PBXVariantGroup section */
		9C67035E28CE6FE3007563DC /* Main.storyboard */ = {
			isa = PBXVariantGroup;
			children = (
				9C67035F28CE6FE3007563DC /* Base */,
			);
			name = Main.storyboard;
			sourceTree = "<group>";
		};
		9C67036328CE6FE8007563DC /* LaunchScreen.storyboard */ = {
			isa = PBXVariantGroup;
			children = (
				9C67036428CE6FE8007563DC /* Base */,
			);
			name = LaunchScreen.storyboard;
			sourceTree = "<group>";
		};
/* End PBXVariantGroup section */

/* Begin XCBuildConfiguration section */
		9C67037D28CE6FE9007563DC /* Debug */ = {
			isa = XCBuildConfiguration;
			buildSettings = {
				ALWAYS_SEARCH_USER_PATHS = NO;
				CLANG_ANALYZER_NONNULL = YES;
				CLANG_ANALYZER_NUMBER_OBJECT_CONVERSION = YES_AGGRESSIVE;
				CLANG_CXX_LANGUAGE_STANDARD = "gnu++14";
				CLANG_CXX_LIBRARY = "libc++";
				CLANG_ENABLE_MODULES = YES;
				CLANG_ENABLE_OBJC_ARC = YES;
				CLANG_ENABLE_OBJC_WEAK = YES;
				CLANG_WARN_BLOCK_CAPTURE_AUTORELEASING = YES;
				CLANG_WARN_BOOL_CONVERSION = YES;
				CLANG_WARN_COMMA = YES;
				CLANG_WARN_CONSTANT_CONVERSION = YES;
				CLANG_WARN_DEPRECATED_OBJC_IMPLEMENTATIONS = YES;
				CLANG_WARN_DIRECT_OBJC_ISA_USAGE = YES_ERROR;
				CLANG_WARN_DOCUMENTATION_COMMENTS = YES;
				CLANG_WARN_EMPTY_BODY = YES;
				CLANG_WARN_ENUM_CONVERSION = YES;
				CLANG_WARN_INFINITE_RECURSION = YES;
				CLANG_WARN_INT_CONVERSION = YES;
				CLANG_WARN_NON_LITERAL_NULL_CONVERSION = YES;
				CLANG_WARN_OBJC_IMPLICIT_RETAIN_SELF = YES;
				CLANG_WARN_OBJC_LITERAL_CONVERSION = YES;
				CLANG_WARN_OBJC_ROOT_CLASS = YES_ERROR;
				CLANG_WARN_QUOTED_INCLUDE_IN_FRAMEWORK_HEADER = YES;
				CLANG_WARN_RANGE_LOOP_ANALYSIS = YES;
				CLANG_WARN_STRICT_PROTOTYPES = YES;
				CLANG_WARN_SUSPICIOUS_MOVE = YES;
				CLANG_WARN_UNGUARDED_AVAILABILITY = YES_AGGRESSIVE;
				CLANG_WARN_UNREACHABLE_CODE = YES;
				CLANG_WARN__DUPLICATE_METHOD_MATCH = YES;
				COPY_PHASE_STRIP = NO;
				DEBUG_INFORMATION_FORMAT = dwarf;
				ENABLE_STRICT_OBJC_MSGSEND = YES;
				ENABLE_TESTABILITY = YES;
				GCC_C_LANGUAGE_STANDARD = gnu11;
				GCC_DYNAMIC_NO_PIC = NO;
				GCC_NO_COMMON_BLOCKS = YES;
				GCC_OPTIMIZATION_LEVEL = 0;
				GCC_PREPROCESSOR_DEFINITIONS = (
					"DEBUG=1",
					"$(inherited)",
				);
				GCC_WARN_64_TO_32_BIT_CONVERSION = YES;
				GCC_WARN_ABOUT_RETURN_TYPE = YES_ERROR;
				GCC_WARN_UNDECLARED_SELECTOR = YES;
				GCC_WARN_UNINITIALIZED_AUTOS = YES_AGGRESSIVE;
				GCC_WARN_UNUSED_FUNCTION = YES;
				GCC_WARN_UNUSED_VARIABLE = YES;
				IPHONEOS_DEPLOYMENT_TARGET = 14.5;
				MTL_ENABLE_DEBUG_INFO = INCLUDE_SOURCE;
				MTL_FAST_MATH = YES;
				ONLY_ACTIVE_ARCH = YES;
				SDKROOT = iphoneos;
				SWIFT_ACTIVE_COMPILATION_CONDITIONS = DEBUG;
				SWIFT_OPTIMIZATION_LEVEL = "-Onone";
			};
			name = Debug;
		};
		9C67037E28CE6FE9007563DC /* Release */ = {
			isa = XCBuildConfiguration;
			buildSettings = {
				ALWAYS_SEARCH_USER_PATHS = NO;
				CLANG_ANALYZER_NONNULL = YES;
				CLANG_ANALYZER_NUMBER_OBJECT_CONVERSION = YES_AGGRESSIVE;
				CLANG_CXX_LANGUAGE_STANDARD = "gnu++14";
				CLANG_CXX_LIBRARY = "libc++";
				CLANG_ENABLE_MODULES = YES;
				CLANG_ENABLE_OBJC_ARC = YES;
				CLANG_ENABLE_OBJC_WEAK = YES;
				CLANG_WARN_BLOCK_CAPTURE_AUTORELEASING = YES;
				CLANG_WARN_BOOL_CONVERSION = YES;
				CLANG_WARN_COMMA = YES;
				CLANG_WARN_CONSTANT_CONVERSION = YES;
				CLANG_WARN_DEPRECATED_OBJC_IMPLEMENTATIONS = YES;
				CLANG_WARN_DIRECT_OBJC_ISA_USAGE = YES_ERROR;
				CLANG_WARN_DOCUMENTATION_COMMENTS = YES;
				CLANG_WARN_EMPTY_BODY = YES;
				CLANG_WARN_ENUM_CONVERSION = YES;
				CLANG_WARN_INFINITE_RECURSION = YES;
				CLANG_WARN_INT_CONVERSION = YES;
				CLANG_WARN_NON_LITERAL_NULL_CONVERSION = YES;
				CLANG_WARN_OBJC_IMPLICIT_RETAIN_SELF = YES;
				CLANG_WARN_OBJC_LITERAL_CONVERSION = YES;
				CLANG_WARN_OBJC_ROOT_CLASS = YES_ERROR;
				CLANG_WARN_QUOTED_INCLUDE_IN_FRAMEWORK_HEADER = YES;
				CLANG_WARN_RANGE_LOOP_ANALYSIS = YES;
				CLANG_WARN_STRICT_PROTOTYPES = YES;
				CLANG_WARN_SUSPICIOUS_MOVE = YES;
				CLANG_WARN_UNGUARDED_AVAILABILITY = YES_AGGRESSIVE;
				CLANG_WARN_UNREACHABLE_CODE = YES;
				CLANG_WARN__DUPLICATE_METHOD_MATCH = YES;
				COPY_PHASE_STRIP = NO;
				DEBUG_INFORMATION_FORMAT = "dwarf-with-dsym";
				ENABLE_NS_ASSERTIONS = NO;
				ENABLE_STRICT_OBJC_MSGSEND = YES;
				GCC_C_LANGUAGE_STANDARD = gnu11;
				GCC_NO_COMMON_BLOCKS = YES;
				GCC_WARN_64_TO_32_BIT_CONVERSION = YES;
				GCC_WARN_ABOUT_RETURN_TYPE = YES_ERROR;
				GCC_WARN_UNDECLARED_SELECTOR = YES;
				GCC_WARN_UNINITIALIZED_AUTOS = YES_AGGRESSIVE;
				GCC_WARN_UNUSED_FUNCTION = YES;
				GCC_WARN_UNUSED_VARIABLE = YES;
				IPHONEOS_DEPLOYMENT_TARGET = 14.5;
				MTL_ENABLE_DEBUG_INFO = NO;
				MTL_FAST_MATH = YES;
				SDKROOT = iphoneos;
				SWIFT_COMPILATION_MODE = wholemodule;
				SWIFT_OPTIMIZATION_LEVEL = "-O";
				VALIDATE_PRODUCT = YES;
			};
			name = Release;
		};
		9C67038028CE6FE9007563DC /* Debug */ = {
			isa = XCBuildConfiguration;
			buildSettings = {
				ASSETCATALOG_COMPILER_APPICON_NAME = AppIcon;
				ASSETCATALOG_COMPILER_GLOBAL_ACCENT_COLOR_NAME = AccentColor;
				CODE_SIGN_STYLE = Automatic;
				INFOPLIST_FILE = ComicApp/Info.plist;
				LD_RUNPATH_SEARCH_PATHS = (
					"$(inherited)",
					"@executable_path/Frameworks",
				);
				PRODUCT_BUNDLE_IDENTIFIER = com.ComicApp;
				PRODUCT_NAME = "$(TARGET_NAME)";
				SWIFT_VERSION = 5.0;
				TARGETED_DEVICE_FAMILY = "1,2";
			};
			name = Debug;
		};
		9C67038128CE6FE9007563DC /* Release */ = {
			isa = XCBuildConfiguration;
			buildSettings = {
				ASSETCATALOG_COMPILER_APPICON_NAME = AppIcon;
				ASSETCATALOG_COMPILER_GLOBAL_ACCENT_COLOR_NAME = AccentColor;
				CODE_SIGN_STYLE = Automatic;
				INFOPLIST_FILE = ComicApp/Info.plist;
				LD_RUNPATH_SEARCH_PATHS = (
					"$(inherited)",
					"@executable_path/Frameworks",
				);
				PRODUCT_BUNDLE_IDENTIFIER = com.ComicApp;
				PRODUCT_NAME = "$(TARGET_NAME)";
				SWIFT_VERSION = 5.0;
				TARGETED_DEVICE_FAMILY = "1,2";
			};
			name = Release;
		};
		9C67038328CE6FE9007563DC /* Debug */ = {
			isa = XCBuildConfiguration;
			buildSettings = {
				ALWAYS_EMBED_SWIFT_STANDARD_LIBRARIES = YES;
				BUNDLE_LOADER = "$(TEST_HOST)";
				CODE_SIGN_STYLE = Automatic;
				INFOPLIST_FILE = ComicAppTests/Info.plist;
				IPHONEOS_DEPLOYMENT_TARGET = 14.5;
				LD_RUNPATH_SEARCH_PATHS = (
					"$(inherited)",
					"@executable_path/Frameworks",
					"@loader_path/Frameworks",
				);
				PRODUCT_BUNDLE_IDENTIFIER = com.ComicAppTests;
				PRODUCT_NAME = "$(TARGET_NAME)";
				SWIFT_VERSION = 5.0;
				TARGETED_DEVICE_FAMILY = "1,2";
				TEST_HOST = "$(BUILT_PRODUCTS_DIR)/ComicApp.app/ComicApp";
			};
			name = Debug;
		};
		9C67038428CE6FE9007563DC /* Release */ = {
			isa = XCBuildConfiguration;
			buildSettings = {
				ALWAYS_EMBED_SWIFT_STANDARD_LIBRARIES = YES;
				BUNDLE_LOADER = "$(TEST_HOST)";
				CODE_SIGN_STYLE = Automatic;
				INFOPLIST_FILE = ComicAppTests/Info.plist;
				IPHONEOS_DEPLOYMENT_TARGET = 14.5;
				LD_RUNPATH_SEARCH_PATHS = (
					"$(inherited)",
					"@executable_path/Frameworks",
					"@loader_path/Frameworks",
				);
				PRODUCT_BUNDLE_IDENTIFIER = com.ComicAppTests;
				PRODUCT_NAME = "$(TARGET_NAME)";
				SWIFT_VERSION = 5.0;
				TARGETED_DEVICE_FAMILY = "1,2";
				TEST_HOST = "$(BUILT_PRODUCTS_DIR)/ComicApp.app/ComicApp";
			};
			name = Release;
		};
		9C67038628CE6FE9007563DC /* Debug */ = {
			isa = XCBuildConfiguration;
			buildSettings = {
				ALWAYS_EMBED_SWIFT_STANDARD_LIBRARIES = YES;
				CODE_SIGN_STYLE = Automatic;
				INFOPLIST_FILE = ComicAppUITests/Info.plist;
				LD_RUNPATH_SEARCH_PATHS = (
					"$(inherited)",
					"@executable_path/Frameworks",
					"@loader_path/Frameworks",
				);
				PRODUCT_BUNDLE_IDENTIFIER = com.ComicAppUITests;
				PRODUCT_NAME = "$(TARGET_NAME)";
				SWIFT_VERSION = 5.0;
				TARGETED_DEVICE_FAMILY = "1,2";
				TEST_TARGET_NAME = ComicApp;
			};
			name = Debug;
		};
		9C67038728CE6FE9007563DC /* Release */ = {
			isa = XCBuildConfiguration;
			buildSettings = {
				ALWAYS_EMBED_SWIFT_STANDARD_LIBRARIES = YES;
				CODE_SIGN_STYLE = Automatic;
				INFOPLIST_FILE = ComicAppUITests/Info.plist;
				LD_RUNPATH_SEARCH_PATHS = (
					"$(inherited)",
					"@executable_path/Frameworks",
					"@loader_path/Frameworks",
				);
				PRODUCT_BUNDLE_IDENTIFIER = com.ComicAppUITests;
				PRODUCT_NAME = "$(TARGET_NAME)";
				SWIFT_VERSION = 5.0;
				TARGETED_DEVICE_FAMILY = "1,2";
				TEST_TARGET_NAME = ComicApp;
			};
			name = Release;
		};
/* End XCBuildConfiguration section */

/* Begin XCConfigurationList section */
		9C67035028CE6FE3007563DC /* Build configuration list for PBXProject "ComicApp" */ = {
			isa = XCConfigurationList;
			buildConfigurations = (
				9C67037D28CE6FE9007563DC /* Debug */,
				9C67037E28CE6FE9007563DC /* Release */,
			);
			defaultConfigurationIsVisible = 0;
			defaultConfigurationName = Release;
		};
		9C67037F28CE6FE9007563DC /* Build configuration list for PBXNativeTarget "ComicApp" */ = {
			isa = XCConfigurationList;
			buildConfigurations = (
				9C67038028CE6FE9007563DC /* Debug */,
				9C67038128CE6FE9007563DC /* Release */,
			);
			defaultConfigurationIsVisible = 0;
			defaultConfigurationName = Release;
		};
		9C67038228CE6FE9007563DC /* Build configuration list for PBXNativeTarget "ComicAppTests" */ = {
			isa = XCConfigurationList;
			buildConfigurations = (
				9C67038328CE6FE9007563DC /* Debug */,
				9C67038428CE6FE9007563DC /* Release */,
			);
			defaultConfigurationIsVisible = 0;
			defaultConfigurationName = Release;
		};
		9C67038528CE6FE9007563DC /* Build configuration list for PBXNativeTarget "ComicAppUITests" */ = {
			isa = XCConfigurationList;
			buildConfigurations = (
				9C67038628CE6FE9007563DC /* Debug */,
				9C67038728CE6FE9007563DC /* Release */,
			);
			defaultConfigurationIsVisible = 0;
			defaultConfigurationName = Release;
		};
/* End XCConfigurationList section */
	};
	rootObject = 9C67034D28CE6FE3007563DC /* Project object */;
}
